
Microsoft Visual Studio Solution File, Format Version 12.00
# Visual Studio Version 17
VisualStudioVersion = 17.14.36109.1 d17.14
MinimumVisualStudioVersion = 10.0.40219.1
Project("{FAE04EC0-301F-11D3-BF4B-00C04F79EFBC}") = "AwesomeCompany", "AwesomeCompany.csproj", "{A6658F3F-7AF9-441E-81D8-930F9B2EFCC4}"
EndProject
Global
	GlobalSection(SolutionConfigurationPlatforms) = preSolution
		Debug|Any CPU = Debug|Any CPU
		Release|Any CPU = Release|Any CPU
	EndGlobalSection
	GlobalSection(ProjectConfigurationPlatforms) = postSolution
		{A6658F3F-7AF9-441E-81D8-930F9B2EFCC4}.Debug|Any CPU.ActiveCfg = Debug|Any CPU
		{A6658F3F-7AF9-441E-81D8-930F9B2EFCC4}.Debug|Any CPU.Build.0 = Debug|Any CPU
		{A6658F3F-7AF9-441E-81D8-930F9B2EFCC4}.Release|Any CPU.ActiveCfg = Release|Any CPU
		{A6658F3F-7AF9-441E-81D8-930F9B2EFCC4}.Release|Any CPU.Build.0 = Release|Any CPU
	EndGlobalSection
	GlobalSection(SolutionProperties) = preSolution
		HideSolutionNode = FALSE
	EndGlobalSection
	GlobalSection(ExtensibilityGlobals) = postSolution
		SolutionGuid = {23EF4AE2-F720-41FF-A599-E98B10E44FD4}
	EndGlobalSection
EndGlobal
